
Microsoft Visual Studio Solution File, Format Version 12.00
# Visual Studio Version 17
VisualStudioVersion = 17.11.35222.181
MinimumVisualStudioVersion = 10.0.40219.1
Project("{9A19103F-16F7-4668-BE54-9A1E7A4F7556}") = "aspnetapp", "aspnetapp\aspnetapp.csproj", "{0BEC51E4-7FDB-4889-A833-8138354F3658}"
EndProject
Project("{2150E333-8FDC-42A3-9474-1A3956D46DE8}") = "Solution Items", "Solution Items", "{312FA8DA-596F-47B7-AEF4-8C7BD7E1019E}"
	ProjectSection(SolutionItems) = preProject
		liara.json = liara.json
	EndProjectSection
EndProject
Global
	GlobalSection(SolutionConfigurationPlatforms) = preSolution
		Debug|Any CPU = Debug|Any CPU
		Release|Any CPU = Release|Any CPU
	EndGlobalSection
	GlobalSection(ProjectConfigurationPlatforms) = postSolution
		{0BEC51E4-7FDB-4889-A833-8138354F3658}.Debug|Any CPU.ActiveCfg = Debug|Any CPU
		{0BEC51E4-7FDB-4889-A833-8138354F3658}.Debug|Any CPU.Build.0 = Debug|Any CPU
		{0BEC51E4-7FDB-4889-A833-8138354F3658}.Release|Any CPU.ActiveCfg = Release|Any CPU
		{0BEC51E4-7FDB-4889-A833-8138354F3658}.Release|Any CPU.Build.0 = Release|Any CPU
	EndGlobalSection
	GlobalSection(SolutionProperties) = preSolution
		HideSolutionNode = FALSE
	EndGlobalSection
	GlobalSection(ExtensibilityGlobals) = postSolution
		SolutionGuid = {B210426B-FC2A-43A9-B758-2EA791344B76}
	EndGlobalSection
EndGlobal
